
Microsoft Visual Studio Solution File, Format Version 12.00
# Visual Studio Version 17
VisualStudioVersion = 17.0.31903.59
MinimumVisualStudioVersion = 10.0.40219.1
Project("{9A19103F-16F7-4668-BE54-9A1E7A4F7556}") = "RealTimeChat.API", "RealTimeChat.API\RealTimeChat.API.csproj", "{8C51A403-36E9-45E1-9A07-622F98B41787}"
	ProjectSection(ProjectDependencies) = postProject
		{1515DDC1-2085-46C9-AC0F-8E498E7F8E6D} = {1515DDC1-2085-46C9-AC0F-8E498E7F8E6D}
	EndProjectSection
EndProject
Project("{9A19103F-16F7-4668-BE54-9A1E7A4F7556}") = "RealTimeChat.Core", "RealTimeChat.Core\RealTimeChat.Core.csproj", "{B62F38E8-8F74-4AEE-A2E8-2EB09C2AC617}"
EndProject
Project("{9A19103F-16F7-4668-BE54-9A1E7A4F7556}") = "RealTimeChat.Infrastructure", "RealTimeChat.Infrastructure\RealTimeChat.Infrastructure.csproj", "{D19358F5-2788-47F6-BE3E-45E2C5236D9D}"
EndProject
Project("{9A19103F-16F7-4668-BE54-9A1E7A4F7556}") = "RealTimeChat.Application", "RealTimeChat.Application\RealTimeChat.Application.csproj", "{1515DDC1-2085-46C9-AC0F-8E498E7F8E6D}"
EndProject
Project("{2150E333-8FDC-42A3-9474-1A3956D46DE8}") = "Itens de Solução", "Itens de Solução", "{FEAAC5FD-0A53-4D88-9D78-917BBCE7A511}"
	ProjectSection(SolutionItems) = preProject
		Dockerfile = Dockerfile
	EndProjectSection
EndProject
Project("{9A19103F-16F7-4668-BE54-9A1E7A4F7556}") = "RealTimeChat.UnitTests", "RealTimeChat.UnitTests\RealTimeChat.UnitTests.csproj", "{4DB136A9-663B-42F8-84E5-2B362B06D4E1}"
EndProject
Project("{FAE04EC0-301F-11D3-BF4B-00C04F79EFBC}") = "RealTimeChat.IntegrationTests", "RealTimeChat.IntegrationTests\RealTimeChat.IntegrationTests.csproj", "{8C1F815D-325F-4FF5-B10D-F73E4167DC21}"
EndProject
Global
	GlobalSection(SolutionConfigurationPlatforms) = preSolution
		Debug|Any CPU = Debug|Any CPU
		Release|Any CPU = Release|Any CPU
	EndGlobalSection
	GlobalSection(ProjectConfigurationPlatforms) = postSolution
		{8C51A403-36E9-45E1-9A07-622F98B41787}.Debug|Any CPU.ActiveCfg = Debug|Any CPU
		{8C51A403-36E9-45E1-9A07-622F98B41787}.Debug|Any CPU.Build.0 = Debug|Any CPU
		{8C51A403-36E9-45E1-9A07-622F98B41787}.Release|Any CPU.ActiveCfg = Release|Any CPU
		{8C51A403-36E9-45E1-9A07-622F98B41787}.Release|Any CPU.Build.0 = Release|Any CPU
		{B62F38E8-8F74-4AEE-A2E8-2EB09C2AC617}.Debug|Any CPU.ActiveCfg = Debug|Any CPU
		{B62F38E8-8F74-4AEE-A2E8-2EB09C2AC617}.Debug|Any CPU.Build.0 = Debug|Any CPU
		{B62F38E8-8F74-4AEE-A2E8-2EB09C2AC617}.Release|Any CPU.ActiveCfg = Release|Any CPU
		{B62F38E8-8F74-4AEE-A2E8-2EB09C2AC617}.Release|Any CPU.Build.0 = Release|Any CPU
		{D19358F5-2788-47F6-BE3E-45E2C5236D9D}.Debug|Any CPU.ActiveCfg = Debug|Any CPU
		{D19358F5-2788-47F6-BE3E-45E2C5236D9D}.Debug|Any CPU.Build.0 = Debug|Any CPU
		{D19358F5-2788-47F6-BE3E-45E2C5236D9D}.Release|Any CPU.ActiveCfg = Release|Any CPU
		{D19358F5-2788-47F6-BE3E-45E2C5236D9D}.Release|Any CPU.Build.0 = Release|Any CPU
		{1515DDC1-2085-46C9-AC0F-8E498E7F8E6D}.Debug|Any CPU.ActiveCfg = Debug|Any CPU
		{1515DDC1-2085-46C9-AC0F-8E498E7F8E6D}.Debug|Any CPU.Build.0 = Debug|Any CPU
		{1515DDC1-2085-46C9-AC0F-8E498E7F8E6D}.Release|Any CPU.ActiveCfg = Release|Any CPU
		{1515DDC1-2085-46C9-AC0F-8E498E7F8E6D}.Release|Any CPU.Build.0 = Release|Any CPU
		{4DB136A9-663B-42F8-84E5-2B362B06D4E1}.Debug|Any CPU.ActiveCfg = Debug|Any CPU
		{4DB136A9-663B-42F8-84E5-2B362B06D4E1}.Debug|Any CPU.Build.0 = Debug|Any CPU
		{4DB136A9-663B-42F8-84E5-2B362B06D4E1}.Release|Any CPU.ActiveCfg = Release|Any CPU
		{4DB136A9-663B-42F8-84E5-2B362B06D4E1}.Release|Any CPU.Build.0 = Release|Any CPU
		{8C1F815D-325F-4FF5-B10D-F73E4167DC21}.Debug|Any CPU.ActiveCfg = Debug|Any CPU
		{8C1F815D-325F-4FF5-B10D-F73E4167DC21}.Debug|Any CPU.Build.0 = Debug|Any CPU
		{8C1F815D-325F-4FF5-B10D-F73E4167DC21}.Release|Any CPU.ActiveCfg = Release|Any CPU
		{8C1F815D-325F-4FF5-B10D-F73E4167DC21}.Release|Any CPU.Build.0 = Release|Any CPU
	EndGlobalSection
	GlobalSection(SolutionProperties) = preSolution
		HideSolutionNode = FALSE
	EndGlobalSection
	GlobalSection(ExtensibilityGlobals) = postSolution
		SolutionGuid = {AFD8698C-5ECE-4795-BA47-ABE88B07FEA9}
	EndGlobalSection
EndGlobal
